
Microsoft Visual Studio Solution File, Format Version 12.00
# Visual Studio 2013
VisualStudioVersion = 12.0.21005.1
MinimumVisualStudioVersion = 10.0.40219.1
Project("{FAE04EC0-301F-11D3-BF4B-00C04F79EFBC}") = "TecWeb.Agenda", "TecWeb.Agenda\TecWeb.Agenda.csproj", "{48377D6D-5087-44A3-8728-343EDC883422}"
EndProject
Project("{FAE04EC0-301F-11D3-BF4B-00C04F79EFBC}") = "TecWeb.Agenda.ObjetoNegocio", "TecWeb.Agenda.ObjetoNegocio\TecWeb.Agenda.ObjetoNegocio.csproj", "{A27AA384-1CD3-466E-8406-327C54180260}"
EndProject
Project("{FAE04EC0-301F-11D3-BF4B-00C04F79EFBC}") = "TecWeb.WS.DAO", "TecWeb.WS.DAO\TecWeb.WS.DAO.csproj", "{361FD20B-2DCF-456E-B276-41BE6A80AEF9}"
EndProject
Global
	GlobalSection(SolutionConfigurationPlatforms) = preSolution
		Debug|Any CPU = Debug|Any CPU
		Release|Any CPU = Release|Any CPU
	EndGlobalSection
	GlobalSection(ProjectConfigurationPlatforms) = postSolution
		{48377D6D-5087-44A3-8728-343EDC883422}.Debug|Any CPU.ActiveCfg = Debug|Any CPU
		{48377D6D-5087-44A3-8728-343EDC883422}.Debug|Any CPU.Build.0 = Debug|Any CPU
		{48377D6D-5087-44A3-8728-343EDC883422}.Release|Any CPU.ActiveCfg = Release|Any CPU
		{48377D6D-5087-44A3-8728-343EDC883422}.Release|Any CPU.Build.0 = Release|Any CPU
		{A27AA384-1CD3-466E-8406-327C54180260}.Debug|Any CPU.ActiveCfg = Debug|Any CPU
		{A27AA384-1CD3-466E-8406-327C54180260}.Debug|Any CPU.Build.0 = Debug|Any CPU
		{A27AA384-1CD3-466E-8406-327C54180260}.Release|Any CPU.ActiveCfg = Release|Any CPU
		{A27AA384-1CD3-466E-8406-327C54180260}.Release|Any CPU.Build.0 = Release|Any CPU
		{361FD20B-2DCF-456E-B276-41BE6A80AEF9}.Debug|Any CPU.ActiveCfg = Debug|Any CPU
		{361FD20B-2DCF-456E-B276-41BE6A80AEF9}.Debug|Any CPU.Build.0 = Debug|Any CPU
		{361FD20B-2DCF-456E-B276-41BE6A80AEF9}.Release|Any CPU.ActiveCfg = Release|Any CPU
		{361FD20B-2DCF-456E-B276-41BE6A80AEF9}.Release|Any CPU.Build.0 = Release|Any CPU
	EndGlobalSection
	GlobalSection(SolutionProperties) = preSolution
		HideSolutionNode = FALSE
	EndGlobalSection
EndGlobal
